<Solution>
  <Folder Name="/src/">
    <Project Path="src/Tally.App/Tally.App.csproj" />
    <Project Path="src/Tally.Capture/Tally.Capture.csproj" />
    <Project Path="src/Tally.Core/Tally.Core.csproj" />
  </Folder>
  <Folder Name="/tests/">
    <Project Path="tests/Tally.Core.Tests/Tally.Core.Tests.csproj" />
  </Folder>
</Solution>
